
Microsoft Visual Studio Solution File, Format Version 12.00
# Visual Studio 15
VisualStudioVersion = 15.0.28307.572
MinimumVisualStudioVersion = 10.0.40219.1
Project("{FAE04EC0-301F-11D3-BF4B-00C04F79EFBC}") = "SecretSpy", "SecretSpy\SecretSpy.csproj", "{DE8A2288-7592-4A1C-A7D1-8D00CF762B4A}"
EndProject
Global
	GlobalSection(SolutionConfigurationPlatforms) = preSolution
		Debug|Any CPU = Debug|Any CPU
		Release|Any CPU = Release|Any CPU
	EndGlobalSection
	GlobalSection(ProjectConfigurationPlatforms) = postSolution
		{DE8A2288-7592-4A1C-A7D1-8D00CF762B4A}.Debug|Any CPU.ActiveCfg = Debug|Any CPU
		{DE8A2288-7592-4A1C-A7D1-8D00CF762B4A}.Debug|Any CPU.Build.0 = Debug|Any CPU
		{DE8A2288-7592-4A1C-A7D1-8D00CF762B4A}.Release|Any CPU.ActiveCfg = Release|Any CPU
		{DE8A2288-7592-4A1C-A7D1-8D00CF762B4A}.Release|Any CPU.Build.0 = Release|Any CPU
	EndGlobalSection
	GlobalSection(SolutionProperties) = preSolution
		HideSolutionNode = FALSE
	EndGlobalSection
	GlobalSection(ExtensibilityGlobals) = postSolution
		SolutionGuid = {463BAFDF-10E4-4BFB-AE6A-DF591DF156AE}
	EndGlobalSection
EndGlobal
